
Microsoft Visual Studio Solution File, Format Version 12.00
# Visual Studio Version 17
VisualStudioVersion = 17.8.34330.188
MinimumVisualStudioVersion = 10.0.40219.1
Project("{FAE04EC0-301F-11D3-BF4B-00C04F79EFBC}") = "CursoOnline.DominioTest", "test\CursoOnline.DominioTest\CursoOnline.DominioTest.csproj", "{5E6DECCB-BF41-4BE6-A5F4-9EBB07159E92}"
EndProject
Project("{FAE04EC0-301F-11D3-BF4B-00C04F79EFBC}") = "CursoOnline.Dominio", "src\CursoOnline.Dominio\CursoOnline.Dominio.csproj", "{81880A73-00E1-4863-BF2E-88E1473F0CFB}"
EndProject
Global
	GlobalSection(SolutionConfigurationPlatforms) = preSolution
		Debug|Any CPU = Debug|Any CPU
		Release|Any CPU = Release|Any CPU
	EndGlobalSection
	GlobalSection(ProjectConfigurationPlatforms) = postSolution
		{5E6DECCB-BF41-4BE6-A5F4-9EBB07159E92}.Debug|Any CPU.ActiveCfg = Debug|Any CPU
		{5E6DECCB-BF41-4BE6-A5F4-9EBB07159E92}.Debug|Any CPU.Build.0 = Debug|Any CPU
		{5E6DECCB-BF41-4BE6-A5F4-9EBB07159E92}.Release|Any CPU.ActiveCfg = Release|Any CPU
		{5E6DECCB-BF41-4BE6-A5F4-9EBB07159E92}.Release|Any CPU.Build.0 = Release|Any CPU
		{81880A73-00E1-4863-BF2E-88E1473F0CFB}.Debug|Any CPU.ActiveCfg = Debug|Any CPU
		{81880A73-00E1-4863-BF2E-88E1473F0CFB}.Debug|Any CPU.Build.0 = Debug|Any CPU
		{81880A73-00E1-4863-BF2E-88E1473F0CFB}.Release|Any CPU.ActiveCfg = Release|Any CPU
		{81880A73-00E1-4863-BF2E-88E1473F0CFB}.Release|Any CPU.Build.0 = Release|Any CPU
	EndGlobalSection
	GlobalSection(SolutionProperties) = preSolution
		HideSolutionNode = FALSE
	EndGlobalSection
	GlobalSection(ExtensibilityGlobals) = postSolution
		SolutionGuid = {C8F62050-5B53-4EA9-92AF-174B9D1B08D7}
	EndGlobalSection
EndGlobal
